// !$*UTF8*$!
{
	archiveVersion = 1;
	classes = {
	};
	objectVersion = 56;
	objects = {

/* Begin PBXBuildFile section */
		ACAAFF812C2977F100E33646 /* WelcomeViewModel.swift in Sources */ = {isa = PBXBuildFile; fileRef = ACAAFF802C2977F100E33646 /* WelcomeViewModel.swift */; };
		ACAAFF872C2979D500E33646 /* WelcomeItem.swift in Sources */ = {isa = PBXBuildFile; fileRef = ACAAFF862C2979D500E33646 /* WelcomeItem.swift */; };
		ACAAFF892C29843000E33646 /* WelcomeView.swift in Sources */ = {isa = PBXBuildFile; fileRef = ACAAFF882C29843000E33646 /* WelcomeView.swift */; };
		ACEB35AC2C28F3D60053D7FC /* Registration_AssignmentTests.swift in Sources */ = {isa = PBXBuildFile; fileRef = ACEB35AB2C28F3D60053D7FC /* Registration_AssignmentTests.swift */; };
		ACEB35B52C295E470053D7FC /* Observable.swift in Sources */ = {isa = PBXBuildFile; fileRef = ACEB35B42C295E470053D7FC /* Observable.swift */; };
		ACFAF5B42C1E09BE008E2B84 /* AppDelegate.swift in Sources */ = {isa = PBXBuildFile; fileRef = ACFAF5B32C1E09BE008E2B84 /* AppDelegate.swift */; };
		ACFAF5B62C1E09BE008E2B84 /* SceneDelegate.swift in Sources */ = {isa = PBXBuildFile; fileRef = ACFAF5B52C1E09BE008E2B84 /* SceneDelegate.swift */; };
		ACFAF5B82C1E09BE008E2B84 /* WelcomeViewController.swift in Sources */ = {isa = PBXBuildFile; fileRef = ACFAF5B72C1E09BE008E2B84 /* WelcomeViewController.swift */; };
		ACFAF5BD2C1E09C1008E2B84 /* Assets.xcassets in Resources */ = {isa = PBXBuildFile; fileRef = ACFAF5BC2C1E09C1008E2B84 /* Assets.xcassets */; };
		ACFAF5C02C1E09C2008E2B84 /* LaunchScreen.storyboard in Resources */ = {isa = PBXBuildFile; fileRef = ACFAF5BE2C1E09C2008E2B84 /* LaunchScreen.storyboard */; };
		ACFAF60D2C286805008E2B84 /* LoginViewModel.swift in Sources */ = {isa = PBXBuildFile; fileRef = ACFAF60C2C286804008E2B84 /* LoginViewModel.swift */; };
		ACFAF6112C286F9C008E2B84 /* SignUpViewController.swift in Sources */ = {isa = PBXBuildFile; fileRef = ACFAF6102C286F9C008E2B84 /* SignUpViewController.swift */; };
		ACFAF6132C2870E1008E2B84 /* SignUpViewModel.swift in Sources */ = {isa = PBXBuildFile; fileRef = ACFAF6122C2870E1008E2B84 /* SignUpViewModel.swift */; };
		ACFAF6152C28C4F0008E2B84 /* LoginViewController.swift in Sources */ = {isa = PBXBuildFile; fileRef = ACFAF6142C28C4F0008E2B84 /* LoginViewController.swift */; };
		ACFAF61A2C28D695008E2B84 /* FirebaseAnalytics in Frameworks */ = {isa = PBXBuildFile; productRef = ACFAF6192C28D695008E2B84 /* FirebaseAnalytics */; };
		ACFAF61C2C28D695008E2B84 /* FirebaseAnalyticsOnDeviceConversion in Frameworks */ = {isa = PBXBuildFile; productRef = ACFAF61B2C28D695008E2B84 /* FirebaseAnalyticsOnDeviceConversion */; };
		ACFAF61E2C28D695008E2B84 /* FirebaseAnalyticsSwift in Frameworks */ = {isa = PBXBuildFile; productRef = ACFAF61D2C28D695008E2B84 /* FirebaseAnalyticsSwift */; };
		ACFAF6202C28D695008E2B84 /* FirebaseAnalyticsWithoutAdIdSupport in Frameworks */ = {isa = PBXBuildFile; productRef = ACFAF61F2C28D695008E2B84 /* FirebaseAnalyticsWithoutAdIdSupport */; };
		ACFAF6222C28D695008E2B84 /* FirebaseAppCheck in Frameworks */ = {isa = PBXBuildFile; productRef = ACFAF6212C28D695008E2B84 /* FirebaseAppCheck */; };
		ACFAF6252C28D94A008E2B84 /* GoogleSignIn in Frameworks */ = {isa = PBXBuildFile; productRef = ACFAF6242C28D94A008E2B84 /* GoogleSignIn */; };
		ACFAF6272C28D94A008E2B84 /* GoogleSignInSwift in Frameworks */ = {isa = PBXBuildFile; productRef = ACFAF6262C28D94A008E2B84 /* GoogleSignInSwift */; };
		ACFAF6322C28E79B008E2B84 /* RegisterUserRequest.swift in Sources */ = {isa = PBXBuildFile; fileRef = ACFAF6312C28E79B008E2B84 /* RegisterUserRequest.swift */; };
/* End PBXBuildFile section */

/* Begin PBXContainerItemProxy section */
		ACEB35AD2C28F3D60053D7FC /* PBXContainerItemProxy */ = {
			isa = PBXContainerItemProxy;
			containerPortal = ACFAF5A82C1E09BE008E2B84 /* Project object */;
			proxyType = 1;
			remoteGlobalIDString = ACFAF5AF2C1E09BE008E2B84;
			remoteInfo = Registration_Assignment;
		};
/* End PBXContainerItemProxy section */

/* Begin PBXFileReference section */
		ACAAFF802C2977F100E33646 /* WelcomeViewModel.swift */ = {isa = PBXFileReference; lastKnownFileType = sourcecode.swift; path = WelcomeViewModel.swift; sourceTree = "<group>"; };
		ACAAFF862C2979D500E33646 /* WelcomeItem.swift */ = {isa = PBXFileReference; lastKnownFileType = sourcecode.swift; path = WelcomeItem.swift; sourceTree = "<group>"; };
		ACAAFF882C29843000E33646 /* WelcomeView.swift */ = {isa = PBXFileReference; lastKnownFileType = sourcecode.swift; path = WelcomeView.swift; sourceTree = "<group>"; };
		ACEB35A92C28F3D60053D7FC /* Registration_AssignmentTests.xctest */ = {isa = PBXFileReference; explicitFileType = wrapper.cfbundle; includeInIndex = 0; path = Registration_AssignmentTests.xctest; sourceTree = BUILT_PRODUCTS_DIR; };
		ACEB35AB2C28F3D60053D7FC /* Registration_AssignmentTests.swift */ = {isa = PBXFileReference; lastKnownFileType = sourcecode.swift; path = Registration_AssignmentTests.swift; sourceTree = "<group>"; };
		ACEB35B42C295E470053D7FC /* Observable.swift */ = {isa = PBXFileReference; lastKnownFileType = sourcecode.swift; path = Observable.swift; sourceTree = "<group>"; };
		ACFAF5B02C1E09BE008E2B84 /* Registration_Assignment.app */ = {isa = PBXFileReference; explicitFileType = wrapper.application; includeInIndex = 0; path = Registration_Assignment.app; sourceTree = BUILT_PRODUCTS_DIR; };
		ACFAF5B32C1E09BE008E2B84 /* AppDelegate.swift */ = {isa = PBXFileReference; lastKnownFileType = sourcecode.swift; path = AppDelegate.swift; sourceTree = "<group>"; };
		ACFAF5B52C1E09BE008E2B84 /* SceneDelegate.swift */ = {isa = PBXFileReference; lastKnownFileType = sourcecode.swift; path = SceneDelegate.swift; sourceTree = "<group>"; };
		ACFAF5B72C1E09BE008E2B84 /* WelcomeViewController.swift */ = {isa = PBXFileReference; lastKnownFileType = sourcecode.swift; path = WelcomeViewController.swift; sourceTree = "<group>"; };
		ACFAF5BC2C1E09C1008E2B84 /* Assets.xcassets */ = {isa = PBXFileReference; lastKnownFileType = folder.assetcatalog; path = Assets.xcassets; sourceTree = "<group>"; };
		ACFAF5BF2C1E09C2008E2B84 /* Base */ = {isa = PBXFileReference; lastKnownFileType = file.storyboard; name = Base; path = Base.lproj/LaunchScreen.storyboard; sourceTree = "<group>"; };
		ACFAF5C12C1E09C2008E2B84 /* Info.plist */ = {isa = PBXFileReference; lastKnownFileType = text.plist.xml; path = Info.plist; sourceTree = "<group>"; };
		ACFAF60C2C286804008E2B84 /* LoginViewModel.swift */ = {isa = PBXFileReference; lastKnownFileType = sourcecode.swift; path = LoginViewModel.swift; sourceTree = "<group>"; };
		ACFAF6102C286F9C008E2B84 /* SignUpViewController.swift */ = {isa = PBXFileReference; lastKnownFileType = sourcecode.swift; path = SignUpViewController.swift; sourceTree = "<group>"; };
		ACFAF6122C2870E1008E2B84 /* SignUpViewModel.swift */ = {isa = PBXFileReference; lastKnownFileType = sourcecode.swift; path = SignUpViewModel.swift; sourceTree = "<group>"; };
		ACFAF6142C28C4F0008E2B84 /* LoginViewController.swift */ = {isa = PBXFileReference; lastKnownFileType = sourcecode.swift; path = LoginViewController.swift; sourceTree = "<group>"; };
		ACFAF6312C28E79B008E2B84 /* RegisterUserRequest.swift */ = {isa = PBXFileReference; lastKnownFileType = sourcecode.swift; path = RegisterUserRequest.swift; sourceTree = "<group>"; };
/* End PBXFileReference section */

/* Begin PBXFrameworksBuildPhase section */
		ACEB35A62C28F3D60053D7FC /* Frameworks */ = {
			isa = PBXFrameworksBuildPhase;
			buildActionMask = 2147483647;
			files = (
			);
			runOnlyForDeploymentPostprocessing = 0;
		};
		ACFAF5AD2C1E09BE008E2B84 /* Frameworks */ = {
			isa = PBXFrameworksBuildPhase;
			buildActionMask = 2147483647;
			files = (
				ACFAF61E2C28D695008E2B84 /* FirebaseAnalyticsSwift in Frameworks */,
				ACFAF61A2C28D695008E2B84 /* FirebaseAnalytics in Frameworks */,
				ACFAF61C2C28D695008E2B84 /* FirebaseAnalyticsOnDeviceConversion in Frameworks */,
				ACFAF6272C28D94A008E2B84 /* GoogleSignInSwift in Frameworks */,
				ACFAF6222C28D695008E2B84 /* FirebaseAppCheck in Frameworks */,
				ACFAF6202C28D695008E2B84 /* FirebaseAnalyticsWithoutAdIdSupport in Frameworks */,
				ACFAF6252C28D94A008E2B84 /* GoogleSignIn in Frameworks */,
			);
			runOnlyForDeploymentPostprocessing = 0;
		};
/* End PBXFrameworksBuildPhase section */

/* Begin PBXGroup section */
		5F75C2375C815D36DAF59934 /* Frameworks */ = {
			isa = PBXGroup;
			children = (
			);
			name = Frameworks;
			sourceTree = "<group>";
		};
		ACAAFF822C29780600E33646 /* Application */ = {
			isa = PBXGroup;
			children = (
				ACFAF5B52C1E09BE008E2B84 /* SceneDelegate.swift */,
				ACFAF5B32C1E09BE008E2B84 /* AppDelegate.swift */,
			);
			path = Application;
			sourceTree = "<group>";
		};
		ACAAFF832C29785A00E33646 /* Welcome */ = {
			isa = PBXGroup;
			children = (
				ACAAFF862C2979D500E33646 /* WelcomeItem.swift */,
				ACAAFF882C29843000E33646 /* WelcomeView.swift */,
				ACFAF5B72C1E09BE008E2B84 /* WelcomeViewController.swift */,
				ACAAFF802C2977F100E33646 /* WelcomeViewModel.swift */,
			);
			path = Welcome;
			sourceTree = "<group>";
		};
		ACAAFF842C29786B00E33646 /* SignUp */ = {
			isa = PBXGroup;
			children = (
				ACFAF6102C286F9C008E2B84 /* SignUpViewController.swift */,
				ACFAF6122C2870E1008E2B84 /* SignUpViewModel.swift */,
			);
			path = SignUp;
			sourceTree = "<group>";
		};
		ACAAFF852C29788500E33646 /* Login */ = {
			isa = PBXGroup;
			children = (
				ACFAF6142C28C4F0008E2B84 /* LoginViewController.swift */,
				ACFAF60C2C286804008E2B84 /* LoginViewModel.swift */,
			);
			path = Login;
			sourceTree = "<group>";
		};
		ACEB35AA2C28F3D60053D7FC /* Registration_AssignmentTests */ = {
			isa = PBXGroup;
			children = (
				ACEB35AB2C28F3D60053D7FC /* Registration_AssignmentTests.swift */,
			);
			path = Registration_AssignmentTests;
			sourceTree = "<group>";
		};
		ACFAF5A72C1E09BE008E2B84 = {
			isa = PBXGroup;
			children = (
				ACFAF5B22C1E09BE008E2B84 /* Registration_Assignment */,
				ACEB35AA2C28F3D60053D7FC /* Registration_AssignmentTests */,
				ACFAF5B12C1E09BE008E2B84 /* Products */,
				5F75C2375C815D36DAF59934 /* Frameworks */,
			);
			sourceTree = "<group>";
		};
		ACFAF5B12C1E09BE008E2B84 /* Products */ = {
			isa = PBXGroup;
			children = (
				ACFAF5B02C1E09BE008E2B84 /* Registration_Assignment.app */,
				ACEB35A92C28F3D60053D7FC /* Registration_AssignmentTests.xctest */,
			);
			name = Products;
			sourceTree = "<group>";
		};
		ACFAF5B22C1E09BE008E2B84 /* Registration_Assignment */ = {
			isa = PBXGroup;
			children = (
				ACEB35B42C295E470053D7FC /* Observable.swift */,
				ACAAFF822C29780600E33646 /* Application */,
				ACFAF6302C28E781008E2B84 /* Models */,
				ACFAF5C82C1E0D85008E2B84 /* Screens */,
				ACFAF5BC2C1E09C1008E2B84 /* Assets.xcassets */,
				ACFAF5BE2C1E09C2008E2B84 /* LaunchScreen.storyboard */,
				ACFAF5C12C1E09C2008E2B84 /* Info.plist */,
			);
			path = Registration_Assignment;
			sourceTree = "<group>";
		};
		ACFAF5C82C1E0D85008E2B84 /* Screens */ = {
			isa = PBXGroup;
			children = (
				ACAAFF832C29785A00E33646 /* Welcome */,
				ACAAFF842C29786B00E33646 /* SignUp */,
				ACAAFF852C29788500E33646 /* Login */,
			);
			path = Screens;
			sourceTree = "<group>";
		};
		ACFAF6302C28E781008E2B84 /* Models */ = {
			isa = PBXGroup;
			children = (
				ACFAF6312C28E79B008E2B84 /* RegisterUserRequest.swift */,
			);
			path = Models;
			sourceTree = "<group>";
		};
/* End PBXGroup section */

/* Begin PBXNativeTarget section */
		ACEB35A82C28F3D60053D7FC /* Registration_AssignmentTests */ = {
			isa = PBXNativeTarget;
			buildConfigurationList = ACEB35AF2C28F3D60053D7FC /* Build configuration list for PBXNativeTarget "Registration_AssignmentTests" */;
			buildPhases = (
				ACEB35A52C28F3D60053D7FC /* Sources */,
				ACEB35A62C28F3D60053D7FC /* Frameworks */,
				ACEB35A72C28F3D60053D7FC /* Resources */,
			);
			buildRules = (
			);
			dependencies = (
				ACEB35AE2C28F3D60053D7FC /* PBXTargetDependency */,
			);
			name = Registration_AssignmentTests;
			productName = Registration_AssignmentTests;
			productReference = ACEB35A92C28F3D60053D7FC /* Registration_AssignmentTests.xctest */;
			productType = "com.apple.product-type.bundle.unit-test";
		};
		ACFAF5AF2C1E09BE008E2B84 /* Registration_Assignment */ = {
			isa = PBXNativeTarget;
			buildConfigurationList = ACFAF5C42C1E09C2008E2B84 /* Build configuration list for PBXNativeTarget "Registration_Assignment" */;
			buildPhases = (
				ACFAF5AC2C1E09BE008E2B84 /* Sources */,
				ACFAF5AD2C1E09BE008E2B84 /* Frameworks */,
				ACFAF5AE2C1E09BE008E2B84 /* Resources */,
			);
			buildRules = (
			);
			dependencies = (
			);
			name = Registration_Assignment;
			packageProductDependencies = (
				ACFAF6192C28D695008E2B84 /* FirebaseAnalytics */,
				ACFAF61B2C28D695008E2B84 /* FirebaseAnalyticsOnDeviceConversion */,
				ACFAF61D2C28D695008E2B84 /* FirebaseAnalyticsSwift */,
				ACFAF61F2C28D695008E2B84 /* FirebaseAnalyticsWithoutAdIdSupport */,
				ACFAF6212C28D695008E2B84 /* FirebaseAppCheck */,
				ACFAF6242C28D94A008E2B84 /* GoogleSignIn */,
				ACFAF6262C28D94A008E2B84 /* GoogleSignInSwift */,
			);
			productName = Registration_Assignment;
			productReference = ACFAF5B02C1E09BE008E2B84 /* Registration_Assignment.app */;
			productType = "com.apple.product-type.application";
		};
/* End PBXNativeTarget section */

/* Begin PBXProject section */
		ACFAF5A82C1E09BE008E2B84 /* Project object */ = {
			isa = PBXProject;
			attributes = {
				BuildIndependentTargetsInParallel = 1;
				LastSwiftUpdateCheck = 1520;
				LastUpgradeCheck = 1520;
				TargetAttributes = {
					ACEB35A82C28F3D60053D7FC = {
						CreatedOnToolsVersion = 15.2;
						TestTargetID = ACFAF5AF2C1E09BE008E2B84;
					};
					ACFAF5AF2C1E09BE008E2B84 = {
						CreatedOnToolsVersion = 15.2;
					};
				};
			};
			buildConfigurationList = ACFAF5AB2C1E09BE008E2B84 /* Build configuration list for PBXProject "Registration_Assignment" */;
			compatibilityVersion = "Xcode 14.0";
			developmentRegion = en;
			hasScannedForEncodings = 0;
			knownRegions = (
				en,
				Base,
			);
			mainGroup = ACFAF5A72C1E09BE008E2B84;
			packageReferences = (
				ACFAF6182C28D695008E2B84 /* XCRemoteSwiftPackageReference "firebase-ios-sdk" */,
				ACFAF6232C28D94A008E2B84 /* XCRemoteSwiftPackageReference "GoogleSignIn-iOS" */,
			);
			productRefGroup = ACFAF5B12C1E09BE008E2B84 /* Products */;
			projectDirPath = "";
			projectRoot = "";
			targets = (
				ACFAF5AF2C1E09BE008E2B84 /* Registration_Assignment */,
				ACEB35A82C28F3D60053D7FC /* Registration_AssignmentTests */,
			);
		};
/* End PBXProject section */

/* Begin PBXResourcesBuildPhase section */
		ACEB35A72C28F3D60053D7FC /* Resources */ = {
			isa = PBXResourcesBuildPhase;
			buildActionMask = 2147483647;
			files = (
			);
			runOnlyForDeploymentPostprocessing = 0;
		};
		ACFAF5AE2C1E09BE008E2B84 /* Resources */ = {
			isa = PBXResourcesBuildPhase;
			buildActionMask = 2147483647;
			files = (
				ACFAF5C02C1E09C2008E2B84 /* LaunchScreen.storyboard in Resources */,
				ACFAF5BD2C1E09C1008E2B84 /* Assets.xcassets in Resources */,
			);
			runOnlyForDeploymentPostprocessing = 0;
		};
/* End PBXResourcesBuildPhase section */

/* Begin PBXSourcesBuildPhase section */
		ACEB35A52C28F3D60053D7FC /* Sources */ = {
			isa = PBXSourcesBuildPhase;
			buildActionMask = 2147483647;
			files = (
				ACEB35AC2C28F3D60053D7FC /* Registration_AssignmentTests.swift in Sources */,
			);
			runOnlyForDeploymentPostprocessing = 0;
		};
		ACFAF5AC2C1E09BE008E2B84 /* Sources */ = {
			isa = PBXSourcesBuildPhase;
			buildActionMask = 2147483647;
			files = (
				ACFAF6152C28C4F0008E2B84 /* LoginViewController.swift in Sources */,
				ACFAF60D2C286805008E2B84 /* LoginViewModel.swift in Sources */,
				ACFAF5B82C1E09BE008E2B84 /* WelcomeViewController.swift in Sources */,
				ACAAFF872C2979D500E33646 /* WelcomeItem.swift in Sources */,
				ACFAF5B42C1E09BE008E2B84 /* AppDelegate.swift in Sources */,
				ACEB35B52C295E470053D7FC /* Observable.swift in Sources */,
				ACAAFF812C2977F100E33646 /* WelcomeViewModel.swift in Sources */,
				ACAAFF892C29843000E33646 /* WelcomeView.swift in Sources */,
				ACFAF5B62C1E09BE008E2B84 /* SceneDelegate.swift in Sources */,
				ACFAF6322C28E79B008E2B84 /* RegisterUserRequest.swift in Sources */,
				ACFAF6132C2870E1008E2B84 /* SignUpViewModel.swift in Sources */,
				ACFAF6112C286F9C008E2B84 /* SignUpViewController.swift in Sources */,
			);
			runOnlyForDeploymentPostprocessing = 0;
		};
/* End PBXSourcesBuildPhase section */

/* Begin PBXTargetDependency section */
		ACEB35AE2C28F3D60053D7FC /* PBXTargetDependency */ = {
			isa = PBXTargetDependency;
			target = ACFAF5AF2C1E09BE008E2B84 /* Registration_Assignment */;
			targetProxy = ACEB35AD2C28F3D60053D7FC /* PBXContainerItemProxy */;
		};
/* End PBXTargetDependency section */

/* Begin PBXVariantGroup section */
		ACFAF5BE2C1E09C2008E2B84 /* LaunchScreen.storyboard */ = {
			isa = PBXVariantGroup;
			children = (
				ACFAF5BF2C1E09C2008E2B84 /* Base */,
			);
			name = LaunchScreen.storyboard;
			sourceTree = "<group>";
		};
/* End PBXVariantGroup section */

/* Begin XCBuildConfiguration section */
		ACEB35B02C28F3D60053D7FC /* Debug */ = {
			isa = XCBuildConfiguration;
			buildSettings = {
				BUNDLE_LOADER = "$(TEST_HOST)";
				CODE_SIGN_STYLE = Automatic;
				CURRENT_PROJECT_VERSION = 1;
				GENERATE_INFOPLIST_FILE = YES;
				MARKETING_VERSION = 1.0;
				PRODUCT_BUNDLE_IDENTIFIER = "com.radhika.Registration-AssignmentTests";
				PRODUCT_NAME = "$(TARGET_NAME)";
				SWIFT_EMIT_LOC_STRINGS = NO;
				SWIFT_VERSION = 5.0;
				TARGETED_DEVICE_FAMILY = "1,2";
				TEST_HOST = "$(BUILT_PRODUCTS_DIR)/Registration_Assignment.app/$(BUNDLE_EXECUTABLE_FOLDER_PATH)/Registration_Assignment";
			};
			name = Debug;
		};
		ACEB35B12C28F3D60053D7FC /* Release */ = {
			isa = XCBuildConfiguration;
			buildSettings = {
				BUNDLE_LOADER = "$(TEST_HOST)";
				CODE_SIGN_STYLE = Automatic;
				CURRENT_PROJECT_VERSION = 1;
				GENERATE_INFOPLIST_FILE = YES;
				MARKETING_VERSION = 1.0;
				PRODUCT_BUNDLE_IDENTIFIER = "com.radhika.Registration-AssignmentTests";
				PRODUCT_NAME = "$(TARGET_NAME)";
				SWIFT_EMIT_LOC_STRINGS = NO;
				SWIFT_VERSION = 5.0;
				TARGETED_DEVICE_FAMILY = "1,2";
				TEST_HOST = "$(BUILT_PRODUCTS_DIR)/Registration_Assignment.app/$(BUNDLE_EXECUTABLE_FOLDER_PATH)/Registration_Assignment";
			};
			name = Release;
		};
		ACFAF5C22C1E09C2008E2B84 /* Debug */ = {
			isa = XCBuildConfiguration;
			buildSettings = {
				ALWAYS_SEARCH_USER_PATHS = NO;
				ASSETCATALOG_COMPILER_GENERATE_SWIFT_ASSET_SYMBOL_EXTENSIONS = YES;
				CLANG_ANALYZER_NONNULL = YES;
				CLANG_ANALYZER_NUMBER_OBJECT_CONVERSION = YES_AGGRESSIVE;
				CLANG_CXX_LANGUAGE_STANDARD = "gnu++20";
				CLANG_ENABLE_MODULES = YES;
				CLANG_ENABLE_OBJC_ARC = YES;
				CLANG_ENABLE_OBJC_WEAK = YES;
				CLANG_WARN_BLOCK_CAPTURE_AUTORELEASING = YES;
				CLANG_WARN_BOOL_CONVERSION = YES;
				CLANG_WARN_COMMA = YES;
				CLANG_WARN_CONSTANT_CONVERSION = YES;
				CLANG_WARN_DEPRECATED_OBJC_IMPLEMENTATIONS = YES;
				CLANG_WARN_DIRECT_OBJC_ISA_USAGE = YES_ERROR;
				CLANG_WARN_DOCUMENTATION_COMMENTS = YES;
				CLANG_WARN_EMPTY_BODY = YES;
				CLANG_WARN_ENUM_CONVERSION = YES;
				CLANG_WARN_INFINITE_RECURSION = YES;
				CLANG_WARN_INT_CONVERSION = YES;
				CLANG_WARN_NON_LITERAL_NULL_CONVERSION = YES;
				CLANG_WARN_OBJC_IMPLICIT_RETAIN_SELF = YES;
				CLANG_WARN_OBJC_LITERAL_CONVERSION = YES;
				CLANG_WARN_OBJC_ROOT_CLASS = YES_ERROR;
				CLANG_WARN_QUOTED_INCLUDE_IN_FRAMEWORK_HEADER = YES;
				CLANG_WARN_RANGE_LOOP_ANALYSIS = YES;
				CLANG_WARN_STRICT_PROTOTYPES = YES;
				CLANG_WARN_SUSPICIOUS_MOVE = YES;
				CLANG_WARN_UNGUARDED_AVAILABILITY = YES_AGGRESSIVE;
				CLANG_WARN_UNREACHABLE_CODE = YES;
				CLANG_WARN__DUPLICATE_METHOD_MATCH = YES;
				COPY_PHASE_STRIP = NO;
				DEBUG_INFORMATION_FORMAT = dwarf;
				ENABLE_STRICT_OBJC_MSGSEND = YES;
				ENABLE_TESTABILITY = YES;
				ENABLE_USER_SCRIPT_SANDBOXING = YES;
				GCC_C_LANGUAGE_STANDARD = gnu17;
				GCC_DYNAMIC_NO_PIC = NO;
				GCC_NO_COMMON_BLOCKS = YES;
				GCC_OPTIMIZATION_LEVEL = 0;
				GCC_PREPROCESSOR_DEFINITIONS = (
					"DEBUG=1",
					"$(inherited)",
				);
				GCC_WARN_64_TO_32_BIT_CONVERSION = YES;
				GCC_WARN_ABOUT_RETURN_TYPE = YES_ERROR;
				GCC_WARN_UNDECLARED_SELECTOR = YES;
				GCC_WARN_UNINITIALIZED_AUTOS = YES_AGGRESSIVE;
				GCC_WARN_UNUSED_FUNCTION = YES;
				GCC_WARN_UNUSED_VARIABLE = YES;
				IPHONEOS_DEPLOYMENT_TARGET = 17.2;
				LOCALIZATION_PREFERS_STRING_CATALOGS = YES;
				MTL_ENABLE_DEBUG_INFO = INCLUDE_SOURCE;
				MTL_FAST_MATH = YES;
				ONLY_ACTIVE_ARCH = YES;
				SDKROOT = iphoneos;
				SWIFT_ACTIVE_COMPILATION_CONDITIONS = "DEBUG $(inherited)";
				SWIFT_OPTIMIZATION_LEVEL = "-Onone";
			};
			name = Debug;
		};
		ACFAF5C32C1E09C2008E2B84 /* Release */ = {
			isa = XCBuildConfiguration;
			buildSettings = {
				ALWAYS_SEARCH_USER_PATHS = NO;
				ASSETCATALOG_COMPILER_GENERATE_SWIFT_ASSET_SYMBOL_EXTENSIONS = YES;
				CLANG_ANALYZER_NONNULL = YES;
				CLANG_ANALYZER_NUMBER_OBJECT_CONVERSION = YES_AGGRESSIVE;
				CLANG_CXX_LANGUAGE_STANDARD = "gnu++20";
				CLANG_ENABLE_MODULES = YES;
				CLANG_ENABLE_OBJC_ARC = YES;
				CLANG_ENABLE_OBJC_WEAK = YES;
				CLANG_WARN_BLOCK_CAPTURE_AUTORELEASING = YES;
				CLANG_WARN_BOOL_CONVERSION = YES;
				CLANG_WARN_COMMA = YES;
				CLANG_WARN_CONSTANT_CONVERSION = YES;
				CLANG_WARN_DEPRECATED_OBJC_IMPLEMENTATIONS = YES;
				CLANG_WARN_DIRECT_OBJC_ISA_USAGE = YES_ERROR;
				CLANG_WARN_DOCUMENTATION_COMMENTS = YES;
				CLANG_WARN_EMPTY_BODY = YES;
				CLANG_WARN_ENUM_CONVERSION = YES;
				CLANG_WARN_INFINITE_RECURSION = YES;
				CLANG_WARN_INT_CONVERSION = YES;
				CLANG_WARN_NON_LITERAL_NULL_CONVERSION = YES;
				CLANG_WARN_OBJC_IMPLICIT_RETAIN_SELF = YES;
				CLANG_WARN_OBJC_LITERAL_CONVERSION = YES;
				CLANG_WARN_OBJC_ROOT_CLASS = YES_ERROR;
				CLANG_WARN_QUOTED_INCLUDE_IN_FRAMEWORK_HEADER = YES;
				CLANG_WARN_RANGE_LOOP_ANALYSIS = YES;
				CLANG_WARN_STRICT_PROTOTYPES = YES;
				CLANG_WARN_SUSPICIOUS_MOVE = YES;
				CLANG_WARN_UNGUARDED_AVAILABILITY = YES_AGGRESSIVE;
				CLANG_WARN_UNREACHABLE_CODE = YES;
				CLANG_WARN__DUPLICATE_METHOD_MATCH = YES;
				COPY_PHASE_STRIP = NO;
				DEBUG_INFORMATION_FORMAT = "dwarf-with-dsym";
				ENABLE_NS_ASSERTIONS = NO;
				ENABLE_STRICT_OBJC_MSGSEND = YES;
				ENABLE_USER_SCRIPT_SANDBOXING = YES;
				GCC_C_LANGUAGE_STANDARD = gnu17;
				GCC_NO_COMMON_BLOCKS = YES;
				GCC_WARN_64_TO_32_BIT_CONVERSION = YES;
				GCC_WARN_ABOUT_RETURN_TYPE = YES_ERROR;
				GCC_WARN_UNDECLARED_SELECTOR = YES;
				GCC_WARN_UNINITIALIZED_AUTOS = YES_AGGRESSIVE;
				GCC_WARN_UNUSED_FUNCTION = YES;
				GCC_WARN_UNUSED_VARIABLE = YES;
				IPHONEOS_DEPLOYMENT_TARGET = 17.2;
				LOCALIZATION_PREFERS_STRING_CATALOGS = YES;
				MTL_ENABLE_DEBUG_INFO = NO;
				MTL_FAST_MATH = YES;
				SDKROOT = iphoneos;
				SWIFT_COMPILATION_MODE = wholemodule;
				VALIDATE_PRODUCT = YES;
			};
			name = Release;
		};
		ACFAF5C52C1E09C2008E2B84 /* Debug */ = {
			isa = XCBuildConfiguration;
			buildSettings = {
				ASSETCATALOG_COMPILER_APPICON_NAME = AppIcon;
				ASSETCATALOG_COMPILER_GLOBAL_ACCENT_COLOR_NAME = AccentColor;
				CODE_SIGN_STYLE = Automatic;
				CURRENT_PROJECT_VERSION = 1;
				GENERATE_INFOPLIST_FILE = YES;
				INFOPLIST_FILE = Registration_Assignment/Info.plist;
				INFOPLIST_KEY_UIApplicationSupportsIndirectInputEvents = YES;
				INFOPLIST_KEY_UILaunchStoryboardName = LaunchScreen;
				INFOPLIST_KEY_UIMainStoryboardFile = "";
				INFOPLIST_KEY_UISupportedInterfaceOrientations_iPad = "UIInterfaceOrientationPortrait UIInterfaceOrientationPortraitUpsideDown UIInterfaceOrientationLandscapeLeft UIInterfaceOrientationLandscapeRight";
				INFOPLIST_KEY_UISupportedInterfaceOrientations_iPhone = "UIInterfaceOrientationPortrait UIInterfaceOrientationLandscapeLeft UIInterfaceOrientationLandscapeRight";
				LD_RUNPATH_SEARCH_PATHS = (
					"$(inherited)",
					"@executable_path/Frameworks",
				);
				MARKETING_VERSION = 1.0;
				PRODUCT_BUNDLE_IDENTIFIER = "com.radhika.Registration-Assignment";
				PRODUCT_NAME = "$(TARGET_NAME)";
				SWIFT_EMIT_LOC_STRINGS = YES;
				SWIFT_VERSION = 5.0;
				TARGETED_DEVICE_FAMILY = "1,2";
			};
			name = Debug;
		};
		ACFAF5C62C1E09C2008E2B84 /* Release */ = {
			isa = XCBuildConfiguration;
			buildSettings = {
				ASSETCATALOG_COMPILER_APPICON_NAME = AppIcon;
				ASSETCATALOG_COMPILER_GLOBAL_ACCENT_COLOR_NAME = AccentColor;
				CODE_SIGN_STYLE = Automatic;
				CURRENT_PROJECT_VERSION = 1;
				GENERATE_INFOPLIST_FILE = YES;
				INFOPLIST_FILE = Registration_Assignment/Info.plist;
				INFOPLIST_KEY_UIApplicationSupportsIndirectInputEvents = YES;
				INFOPLIST_KEY_UILaunchStoryboardName = LaunchScreen;
				INFOPLIST_KEY_UIMainStoryboardFile = "";
				INFOPLIST_KEY_UISupportedInterfaceOrientations_iPad = "UIInterfaceOrientationPortrait UIInterfaceOrientationPortraitUpsideDown UIInterfaceOrientationLandscapeLeft UIInterfaceOrientationLandscapeRight";
				INFOPLIST_KEY_UISupportedInterfaceOrientations_iPhone = "UIInterfaceOrientationPortrait UIInterfaceOrientationLandscapeLeft UIInterfaceOrientationLandscapeRight";
				LD_RUNPATH_SEARCH_PATHS = (
					"$(inherited)",
					"@executable_path/Frameworks",
				);
				MARKETING_VERSION = 1.0;
				PRODUCT_BUNDLE_IDENTIFIER = "com.radhika.Registration-Assignment";
				PRODUCT_NAME = "$(TARGET_NAME)";
				SWIFT_EMIT_LOC_STRINGS = YES;
				SWIFT_VERSION = 5.0;
				TARGETED_DEVICE_FAMILY = "1,2";
			};
			name = Release;
		};
/* End XCBuildConfiguration section */

/* Begin XCConfigurationList section */
		ACEB35AF2C28F3D60053D7FC /* Build configuration list for PBXNativeTarget "Registration_AssignmentTests" */ = {
			isa = XCConfigurationList;
			buildConfigurations = (
				ACEB35B02C28F3D60053D7FC /* Debug */,
				ACEB35B12C28F3D60053D7FC /* Release */,
			);
			defaultConfigurationIsVisible = 0;
			defaultConfigurationName = Release;
		};
		ACFAF5AB2C1E09BE008E2B84 /* Build configuration list for PBXProject "Registration_Assignment" */ = {
			isa = XCConfigurationList;
			buildConfigurations = (
				ACFAF5C22C1E09C2008E2B84 /* Debug */,
				ACFAF5C32C1E09C2008E2B84 /* Release */,
			);
			defaultConfigurationIsVisible = 0;
			defaultConfigurationName = Release;
		};
		ACFAF5C42C1E09C2008E2B84 /* Build configuration list for PBXNativeTarget "Registration_Assignment" */ = {
			isa = XCConfigurationList;
			buildConfigurations = (
				ACFAF5C52C1E09C2008E2B84 /* Debug */,
				ACFAF5C62C1E09C2008E2B84 /* Release */,
			);
			defaultConfigurationIsVisible = 0;
			defaultConfigurationName = Release;
		};
/* End XCConfigurationList section */

/* Begin XCRemoteSwiftPackageReference section */
		ACFAF6182C28D695008E2B84 /* XCRemoteSwiftPackageReference "firebase-ios-sdk" */ = {
			isa = XCRemoteSwiftPackageReference;
			repositoryURL = "https://github.com/firebase/firebase-ios-sdk";
			requirement = {
				kind = upToNextMajorVersion;
				minimumVersion = 10.28.0;
			};
		};
		ACFAF6232C28D94A008E2B84 /* XCRemoteSwiftPackageReference "GoogleSignIn-iOS" */ = {
			isa = XCRemoteSwiftPackageReference;
			repositoryURL = "https://github.com/google/GoogleSignIn-iOS";
			requirement = {
				kind = upToNextMajorVersion;
				minimumVersion = 7.1.0;
			};
		};
/* End XCRemoteSwiftPackageReference section */

/* Begin XCSwiftPackageProductDependency section */
		ACFAF6192C28D695008E2B84 /* FirebaseAnalytics */ = {
			isa = XCSwiftPackageProductDependency;
			package = ACFAF6182C28D695008E2B84 /* XCRemoteSwiftPackageReference "firebase-ios-sdk" */;
			productName = FirebaseAnalytics;
		};
		ACFAF61B2C28D695008E2B84 /* FirebaseAnalyticsOnDeviceConversion */ = {
			isa = XCSwiftPackageProductDependency;
			package = ACFAF6182C28D695008E2B84 /* XCRemoteSwiftPackageReference "firebase-ios-sdk" */;
			productName = FirebaseAnalyticsOnDeviceConversion;
		};
		ACFAF61D2C28D695008E2B84 /* FirebaseAnalyticsSwift */ = {
			isa = XCSwiftPackageProductDependency;
			package = ACFAF6182C28D695008E2B84 /* XCRemoteSwiftPackageReference "firebase-ios-sdk" */;
			productName = FirebaseAnalyticsSwift;
		};
		ACFAF61F2C28D695008E2B84 /* FirebaseAnalyticsWithoutAdIdSupport */ = {
			isa = XCSwiftPackageProductDependency;
			package = ACFAF6182C28D695008E2B84 /* XCRemoteSwiftPackageReference "firebase-ios-sdk" */;
			productName = FirebaseAnalyticsWithoutAdIdSupport;
		};
		ACFAF6212C28D695008E2B84 /* FirebaseAppCheck */ = {
			isa = XCSwiftPackageProductDependency;
			package = ACFAF6182C28D695008E2B84 /* XCRemoteSwiftPackageReference "firebase-ios-sdk" */;
			productName = FirebaseAppCheck;
		};
		ACFAF6242C28D94A008E2B84 /* GoogleSignIn */ = {
			isa = XCSwiftPackageProductDependency;
			package = ACFAF6232C28D94A008E2B84 /* XCRemoteSwiftPackageReference "GoogleSignIn-iOS" */;
			productName = GoogleSignIn;
		};
		ACFAF6262C28D94A008E2B84 /* GoogleSignInSwift */ = {
			isa = XCSwiftPackageProductDependency;
			package = ACFAF6232C28D94A008E2B84 /* XCRemoteSwiftPackageReference "GoogleSignIn-iOS" */;
			productName = GoogleSignInSwift;
		};
/* End XCSwiftPackageProductDependency section */
	};
	rootObject = ACFAF5A82C1E09BE008E2B84 /* Project object */;
}
